
Microsoft Visual Studio Solution File, Format Version 12.00
# Visual Studio 2013
Project("{FAE04EC0-301F-11D3-BF4B-00C04F79EFBC}") = "FullGame.CSharp", "FullGame.CSharp.csproj", "{F3CF5553-467B-F786-F3AA-B3A7F47C6C73}"
EndProject
Global
	GlobalSection(SolutionConfigurationPlatforms) = preSolution
		Debug|Any CPU = Debug|Any CPU
		Release|Any CPU = Release|Any CPU
	EndGlobalSection
	GlobalSection(ProjectConfigurationPlatforms) = postSolution
		{F3CF5553-467B-F786-F3AA-B3A7F47C6C73}.Debug|Any CPU.ActiveCfg = Debug|Any CPU
		{F3CF5553-467B-F786-F3AA-B3A7F47C6C73}.Debug|Any CPU.Build.0 = Debug|Any CPU
		{F3CF5553-467B-F786-F3AA-B3A7F47C6C73}.Release|Any CPU.ActiveCfg = Release|Any CPU
		{F3CF5553-467B-F786-F3AA-B3A7F47C6C73}.Release|Any CPU.Build.0 = Release|Any CPU
	EndGlobalSection
	GlobalSection(SolutionProperties) = preSolution
		HideSolutionNode = FALSE
	EndGlobalSection
EndGlobal
